
Microsoft Visual Studio Solution File, Format Version 12.00
# Visual Studio 15
VisualStudioVersion = 15.0.28307.106
MinimumVisualStudioVersion = 10.0.40219.1
Project("{FAE04EC0-301F-11D3-BF4B-00C04F79EFBC}") = "EnviarEmailCSharp", "EnviarEmailCSharp\EnviarEmailCSharp.csproj", "{CD938214-F1E4-42C3-9F9D-BE696967CFBA}"
EndProject
Global
	GlobalSection(SolutionConfigurationPlatforms) = preSolution
		Debug|Any CPU = Debug|Any CPU
		Release|Any CPU = Release|Any CPU
	EndGlobalSection
	GlobalSection(ProjectConfigurationPlatforms) = postSolution
		{CD938214-F1E4-42C3-9F9D-BE696967CFBA}.Debug|Any CPU.ActiveCfg = Debug|Any CPU
		{CD938214-F1E4-42C3-9F9D-BE696967CFBA}.Debug|Any CPU.Build.0 = Debug|Any CPU
		{CD938214-F1E4-42C3-9F9D-BE696967CFBA}.Release|Any CPU.ActiveCfg = Release|Any CPU
		{CD938214-F1E4-42C3-9F9D-BE696967CFBA}.Release|Any CPU.Build.0 = Release|Any CPU
	EndGlobalSection
	GlobalSection(SolutionProperties) = preSolution
		HideSolutionNode = FALSE
	EndGlobalSection
	GlobalSection(ExtensibilityGlobals) = postSolution
		SolutionGuid = {B0BC7935-DB4E-4392-A08C-37A365BF72E7}
	EndGlobalSection
EndGlobal
